
Microsoft Visual Studio Solution File, Format Version 12.00
# Visual Studio Version 17
VisualStudioVersion = 17.11.35208.52
MinimumVisualStudioVersion = 10.0.40219.1
Project("{FAE04EC0-301F-11D3-BF4B-00C04F79EFBC}") = "FurnitureStoreBE", "FurnitureStoreBE\FurnitureStoreBE.csproj", "{B762FD4A-345D-4E36-9C75-B76CAB433103}"
EndProject
Global
	GlobalSection(SolutionConfigurationPlatforms) = preSolution
		Debug|Any CPU = Debug|Any CPU
		Release|Any CPU = Release|Any CPU
	EndGlobalSection
	GlobalSection(ProjectConfigurationPlatforms) = postSolution
		{B762FD4A-345D-4E36-9C75-B76CAB433103}.Debug|Any CPU.ActiveCfg = Debug|Any CPU
		{B762FD4A-345D-4E36-9C75-B76CAB433103}.Debug|Any CPU.Build.0 = Debug|Any CPU
		{B762FD4A-345D-4E36-9C75-B76CAB433103}.Release|Any CPU.ActiveCfg = Release|Any CPU
		{B762FD4A-345D-4E36-9C75-B76CAB433103}.Release|Any CPU.Build.0 = Release|Any CPU
	EndGlobalSection
	GlobalSection(SolutionProperties) = preSolution
		HideSolutionNode = FALSE
	EndGlobalSection
	GlobalSection(ExtensibilityGlobals) = postSolution
		SolutionGuid = {F9D6C7A0-7999-4771-AB69-2BD06C5F967F}
	EndGlobalSection
EndGlobal
