
Microsoft Visual Studio Solution File, Format Version 12.00
# Visual Studio Version 17
VisualStudioVersion = 17.11.35208.52
MinimumVisualStudioVersion = 10.0.40219.1
Project("{9A19103F-16F7-4668-BE54-9A1E7A4F7556}") = "FurnitureStoreBE", "FurnitureStoreBE\FurnitureStoreBE.csproj", "{B762FD4A-345D-4E36-9C75-B76CAB433103}"
EndProject
Project("{E53339B2-1760-4266-BCC7-CA923CBCF16C}") = "docker-compose", "docker-compose.dcproj", "{335AD2F2-4D68-4BA6-9977-D4540337DCDF}"
EndProject
Global
	GlobalSection(SolutionConfigurationPlatforms) = preSolution
		Debug|Any CPU = Debug|Any CPU
		Release|Any CPU = Release|Any CPU
	EndGlobalSection
	GlobalSection(ProjectConfigurationPlatforms) = postSolution
		{B762FD4A-345D-4E36-9C75-B76CAB433103}.Debug|Any CPU.ActiveCfg = Debug|Any CPU
		{B762FD4A-345D-4E36-9C75-B76CAB433103}.Debug|Any CPU.Build.0 = Debug|Any CPU
		{B762FD4A-345D-4E36-9C75-B76CAB433103}.Release|Any CPU.ActiveCfg = Release|Any CPU
		{B762FD4A-345D-4E36-9C75-B76CAB433103}.Release|Any CPU.Build.0 = Release|Any CPU
		{335AD2F2-4D68-4BA6-9977-D4540337DCDF}.Debug|Any CPU.ActiveCfg = Debug|Any CPU
		{335AD2F2-4D68-4BA6-9977-D4540337DCDF}.Debug|Any CPU.Build.0 = Debug|Any CPU
		{335AD2F2-4D68-4BA6-9977-D4540337DCDF}.Release|Any CPU.ActiveCfg = Release|Any CPU
		{335AD2F2-4D68-4BA6-9977-D4540337DCDF}.Release|Any CPU.Build.0 = Release|Any CPU
	EndGlobalSection
	GlobalSection(SolutionProperties) = preSolution
		HideSolutionNode = FALSE
	EndGlobalSection
	GlobalSection(ExtensibilityGlobals) = postSolution
		SolutionGuid = {F9D6C7A0-7999-4771-AB69-2BD06C5F967F}
	EndGlobalSection
EndGlobal
